
Microsoft Visual Studio Solution File, Format Version 12.00
# Visual Studio Version 17
VisualStudioVersion = 17.12.35527.113 d17.12
MinimumVisualStudioVersion = 10.0.40219.1
Project("{FAE04EC0-301F-11D3-BF4B-00C04F79EFBC}") = "Implementation of .Net Libraries", "Microsoft - Back-End Development with .NET\Implementation of .Net Libraries.csproj", "{4CF4850A-A732-44DE-9AC9-7B235039BD90}"
EndProject
Project("{FAE04EC0-301F-11D3-BF4B-00C04F79EFBC}") = "Creating and Exploring ASP.NET Core Web API", "Creating and Exploring ASP.NET Core Web API\Creating and Exploring ASP.NET Core Web API.csproj", "{FF5E6B34-5436-4881-A548-28F086A51C56}"
EndProject
Project("{FAE04EC0-301F-11D3-BF4B-00C04F79EFBC}") = "Middleware", "Routing, AttributeRouting and Dependency Injection\Middleware.csproj", "{997A30B4-26FA-4DA5-8194-4AA4CB8E47EF}"
EndProject
Project("{FAE04EC0-301F-11D3-BF4B-00C04F79EFBC}") = "ErrorHandlingAndLogging", "ErrorHandlingAndLogging\ErrorHandlingAndLogging.csproj", "{F6F6BB6B-D7B2-42A9-9092-014D0E8D8A27}"
EndProject
Project("{FAE04EC0-301F-11D3-BF4B-00C04F79EFBC}") = "Serialization", "Serialization\Serialization.csproj", "{3B373425-8E91-4069-9A5B-3BD07209D451}"
EndProject
Project("{FAE04EC0-301F-11D3-BF4B-00C04F79EFBC}") = "Deserialization", "Deserialization\Deserialization.csproj", "{7A91006F-B777-4465-AD1C-2414196EC858}"
EndProject
Project("{FAE04EC0-301F-11D3-BF4B-00C04F79EFBC}") = "SercuringSerializationDeserialization", "SercuringSerializationDeserialization\SercuringSerializationDeserialization.csproj", "{513B26BE-BF21-4822-8BB1-F7596D809109}"
EndProject
Project("{FAE04EC0-301F-11D3-BF4B-00C04F79EFBC}") = "ImplementingMiddlewareComponents", "ImplementingMiddlewareComponents\ImplementingMiddlewareComponents.csproj", "{1D28BEA0-2DE5-445A-96A3-DB6BBDDF4820}"
EndProject
Project("{FAE04EC0-301F-11D3-BF4B-00C04F79EFBC}") = "BlogsCRUDApi", "BlogsCRUDApi\BlogsCRUDApi.csproj", "{7D1F5CC4-AA19-41FC-8C6C-D2B0D516F2A3}"
EndProject
Project("{FAE04EC0-301F-11D3-BF4B-00C04F79EFBC}") = "SecuringMiddleware", "SecuringMiddleware\SecuringMiddleware.csproj", "{FC656005-F230-48E8-920B-34ACCF5F425D}"
EndProject
Project("{FAE04EC0-301F-11D3-BF4B-00C04F79EFBC}") = "UserManagementAPI", "UserManagementAPI\UserManagementAPI.csproj", "{0F344E8B-57FE-4122-B2D0-651A1C5E925F}"
EndProject
Global
	GlobalSection(SolutionConfigurationPlatforms) = preSolution
		Debug|Any CPU = Debug|Any CPU
		Release|Any CPU = Release|Any CPU
	EndGlobalSection
	GlobalSection(ProjectConfigurationPlatforms) = postSolution
		{4CF4850A-A732-44DE-9AC9-7B235039BD90}.Debug|Any CPU.ActiveCfg = Debug|Any CPU
		{4CF4850A-A732-44DE-9AC9-7B235039BD90}.Debug|Any CPU.Build.0 = Debug|Any CPU
		{4CF4850A-A732-44DE-9AC9-7B235039BD90}.Release|Any CPU.ActiveCfg = Release|Any CPU
		{4CF4850A-A732-44DE-9AC9-7B235039BD90}.Release|Any CPU.Build.0 = Release|Any CPU
		{FF5E6B34-5436-4881-A548-28F086A51C56}.Debug|Any CPU.ActiveCfg = Debug|Any CPU
		{FF5E6B34-5436-4881-A548-28F086A51C56}.Debug|Any CPU.Build.0 = Debug|Any CPU
		{FF5E6B34-5436-4881-A548-28F086A51C56}.Release|Any CPU.ActiveCfg = Release|Any CPU
		{FF5E6B34-5436-4881-A548-28F086A51C56}.Release|Any CPU.Build.0 = Release|Any CPU
		{997A30B4-26FA-4DA5-8194-4AA4CB8E47EF}.Debug|Any CPU.ActiveCfg = Debug|Any CPU
		{997A30B4-26FA-4DA5-8194-4AA4CB8E47EF}.Debug|Any CPU.Build.0 = Debug|Any CPU
		{997A30B4-26FA-4DA5-8194-4AA4CB8E47EF}.Release|Any CPU.ActiveCfg = Release|Any CPU
		{997A30B4-26FA-4DA5-8194-4AA4CB8E47EF}.Release|Any CPU.Build.0 = Release|Any CPU
		{F6F6BB6B-D7B2-42A9-9092-014D0E8D8A27}.Debug|Any CPU.ActiveCfg = Debug|Any CPU
		{F6F6BB6B-D7B2-42A9-9092-014D0E8D8A27}.Debug|Any CPU.Build.0 = Debug|Any CPU
		{F6F6BB6B-D7B2-42A9-9092-014D0E8D8A27}.Release|Any CPU.ActiveCfg = Release|Any CPU
		{F6F6BB6B-D7B2-42A9-9092-014D0E8D8A27}.Release|Any CPU.Build.0 = Release|Any CPU
		{3B373425-8E91-4069-9A5B-3BD07209D451}.Debug|Any CPU.ActiveCfg = Debug|Any CPU
		{3B373425-8E91-4069-9A5B-3BD07209D451}.Debug|Any CPU.Build.0 = Debug|Any CPU
		{3B373425-8E91-4069-9A5B-3BD07209D451}.Release|Any CPU.ActiveCfg = Release|Any CPU
		{3B373425-8E91-4069-9A5B-3BD07209D451}.Release|Any CPU.Build.0 = Release|Any CPU
		{7A91006F-B777-4465-AD1C-2414196EC858}.Debug|Any CPU.ActiveCfg = Debug|Any CPU
		{7A91006F-B777-4465-AD1C-2414196EC858}.Debug|Any CPU.Build.0 = Debug|Any CPU
		{7A91006F-B777-4465-AD1C-2414196EC858}.Release|Any CPU.ActiveCfg = Release|Any CPU
		{7A91006F-B777-4465-AD1C-2414196EC858}.Release|Any CPU.Build.0 = Release|Any CPU
		{513B26BE-BF21-4822-8BB1-F7596D809109}.Debug|Any CPU.ActiveCfg = Debug|Any CPU
		{513B26BE-BF21-4822-8BB1-F7596D809109}.Debug|Any CPU.Build.0 = Debug|Any CPU
		{513B26BE-BF21-4822-8BB1-F7596D809109}.Release|Any CPU.ActiveCfg = Release|Any CPU
		{513B26BE-BF21-4822-8BB1-F7596D809109}.Release|Any CPU.Build.0 = Release|Any CPU
		{1D28BEA0-2DE5-445A-96A3-DB6BBDDF4820}.Debug|Any CPU.ActiveCfg = Debug|Any CPU
		{1D28BEA0-2DE5-445A-96A3-DB6BBDDF4820}.Debug|Any CPU.Build.0 = Debug|Any CPU
		{1D28BEA0-2DE5-445A-96A3-DB6BBDDF4820}.Release|Any CPU.ActiveCfg = Release|Any CPU
		{1D28BEA0-2DE5-445A-96A3-DB6BBDDF4820}.Release|Any CPU.Build.0 = Release|Any CPU
		{7D1F5CC4-AA19-41FC-8C6C-D2B0D516F2A3}.Debug|Any CPU.ActiveCfg = Debug|Any CPU
		{7D1F5CC4-AA19-41FC-8C6C-D2B0D516F2A3}.Debug|Any CPU.Build.0 = Debug|Any CPU
		{7D1F5CC4-AA19-41FC-8C6C-D2B0D516F2A3}.Release|Any CPU.ActiveCfg = Release|Any CPU
		{7D1F5CC4-AA19-41FC-8C6C-D2B0D516F2A3}.Release|Any CPU.Build.0 = Release|Any CPU
		{FC656005-F230-48E8-920B-34ACCF5F425D}.Debug|Any CPU.ActiveCfg = Debug|Any CPU
		{FC656005-F230-48E8-920B-34ACCF5F425D}.Debug|Any CPU.Build.0 = Debug|Any CPU
		{FC656005-F230-48E8-920B-34ACCF5F425D}.Release|Any CPU.ActiveCfg = Release|Any CPU
		{FC656005-F230-48E8-920B-34ACCF5F425D}.Release|Any CPU.Build.0 = Release|Any CPU
		{0F344E8B-57FE-4122-B2D0-651A1C5E925F}.Debug|Any CPU.ActiveCfg = Debug|Any CPU
		{0F344E8B-57FE-4122-B2D0-651A1C5E925F}.Debug|Any CPU.Build.0 = Debug|Any CPU
		{0F344E8B-57FE-4122-B2D0-651A1C5E925F}.Release|Any CPU.ActiveCfg = Release|Any CPU
		{0F344E8B-57FE-4122-B2D0-651A1C5E925F}.Release|Any CPU.Build.0 = Release|Any CPU
	EndGlobalSection
	GlobalSection(SolutionProperties) = preSolution
		HideSolutionNode = FALSE
	EndGlobalSection
EndGlobal
